
Microsoft Visual Studio Solution File, Format Version 12.00
# Visual Studio Version 16
VisualStudioVersion = 25.0.1705.5
MinimumVisualStudioVersion = 10.0.40219.1
Project("{FAE04EC0-301F-11D3-BF4B-00C04F79EFBC}") = "HelloWorld", "HelloWorld.csproj", "{5C8B53B2-A418-4E34-820A-2A01983E7100}"
EndProject
Global
	GlobalSection(SolutionConfigurationPlatforms) = preSolution
		Debug|Any CPU = Debug|Any CPU
		Release|Any CPU = Release|Any CPU
	EndGlobalSection
	GlobalSection(ProjectConfigurationPlatforms) = postSolution
		{5C8B53B2-A418-4E34-820A-2A01983E7100}.Debug|Any CPU.ActiveCfg = Debug|Any CPU
		{5C8B53B2-A418-4E34-820A-2A01983E7100}.Debug|Any CPU.Build.0 = Debug|Any CPU
		{5C8B53B2-A418-4E34-820A-2A01983E7100}.Release|Any CPU.ActiveCfg = Release|Any CPU
		{5C8B53B2-A418-4E34-820A-2A01983E7100}.Release|Any CPU.Build.0 = Release|Any CPU
	EndGlobalSection
	GlobalSection(SolutionProperties) = preSolution
		HideSolutionNode = FALSE
	EndGlobalSection
	GlobalSection(ExtensibilityGlobals) = postSolution
		SolutionGuid = {D53F6184-7CC7-42E6-9A46-B563EB4040D1}
	EndGlobalSection
EndGlobal
